# THIS IS AN AUTOGENERATED FILE. DO NOT EDIT THIS FILE DIRECTLY.
# yarn lockfile v1


cross-fetch@2.0.0:
  version "2.0.0"
  resolved "https://registry.yarnpkg.com/cross-fetch/-/cross-fetch-2.0.0.tgz#a17475449561e0f325146cea636a8619efb9b382"
  dependencies:
    node-fetch "2.0.0"
    whatwg-fetch "2.0.3"

cross-fetch@^2.1.1:
  version "2.1.1"
  resolved "https://registry.yarnpkg.com/cross-fetch/-/cross-fetch-2.1.1.tgz#c41b37af8e62ca1c6ad0bd519dcd0a16c75b6f1f"
  dependencies:
    node-fetch "2.1.2"
    whatwg-fetch "2.0.4"

graphql-request@^1.5.2:
  version "1.5.2"
  resolved "https://registry.yarnpkg.com/graphql-request/-/graphql-request-1.5.2.tgz#cf329fad59e36daf6925f41751b4ba8ad93371c3"
  dependencies:
    cross-fetch "2.0.0"

node-fetch@2.0.0:
  version "2.0.0"
  resolved "https://registry.yarnpkg.com/node-fetch/-/node-fetch-2.0.0.tgz#982bba43ecd4f2922a29cc186a6bbb0bb73fcba6"

node-fetch@2.1.2:
  version "2.1.2"
  resolved "https://registry.yarnpkg.com/node-fetch/-/node-fetch-2.1.2.tgz#ab884e8e7e57e38a944753cec706f788d1768bb5"

whatwg-fetch@2.0.3:
  version "2.0.3"
  resolved "https://registry.yarnpkg.com/whatwg-fetch/-/whatwg-fetch-2.0.3.tgz#9c84ec2dcf68187ff00bc64e1274b442176e1c84"

whatwg-fetch@2.0.4:
  version "2.0.4"
  resolved "https://registry.yarnpkg.com/whatwg-fetch/-/whatwg-fetch-2.0.4.tgz#dde6a5df315f9d39991aa17621853d720b85566f"
